
Microsoft Visual Studio Solution File, Format Version 12.00
# Visual Studio 2012
Project("{FAE04EC0-301F-11D3-BF4B-00C04F79EFBC}") = "GoogleAnswers", "GoogleAnswers.csproj", "{D98D45E1-20EA-4E2F-A66D-4F3244A706B7}"
EndProject
Project("{FAE04EC0-301F-11D3-BF4B-00C04F79EFBC}") = "GoogleAnswers.UITests", "GoogleAnswers.UITests\GoogleAnswers.UITests.csproj", "{72508A90-1A88-480B-A529-4F145D5561A2}"
EndProject
Global
	GlobalSection(SolutionConfigurationPlatforms) = preSolution
		Debug|Any CPU = Debug|Any CPU
		Release|Any CPU = Release|Any CPU
	EndGlobalSection
	GlobalSection(ProjectConfigurationPlatforms) = postSolution
		{72508A90-1A88-480B-A529-4F145D5561A2}.Debug|Any CPU.ActiveCfg = Debug|Any CPU
		{72508A90-1A88-480B-A529-4F145D5561A2}.Debug|Any CPU.Build.0 = Debug|Any CPU
		{72508A90-1A88-480B-A529-4F145D5561A2}.Release|Any CPU.ActiveCfg = Release|Any CPU
		{72508A90-1A88-480B-A529-4F145D5561A2}.Release|Any CPU.Build.0 = Release|Any CPU
		{D98D45E1-20EA-4E2F-A66D-4F3244A706B7}.Debug|Any CPU.ActiveCfg = Debug|Any CPU
		{D98D45E1-20EA-4E2F-A66D-4F3244A706B7}.Debug|Any CPU.Build.0 = Debug|Any CPU
		{D98D45E1-20EA-4E2F-A66D-4F3244A706B7}.Release|Any CPU.ActiveCfg = Release|Any CPU
		{D98D45E1-20EA-4E2F-A66D-4F3244A706B7}.Release|Any CPU.Build.0 = Release|Any CPU
	EndGlobalSection
EndGlobal
